Microsoft Visual Studio Solution File, Format Version 12.00
# Visual Studio Version 16
VisualStudioVersion = 16.0.29613.14
MinimumVisualStudioVersion = 10.0.40219.1
Project("{FAE04EC0-301F-11D3-BF4B-00C04F79EFBC}") = "MyBooks.Android", "MyBooks.Android\MyBooks.Android.csproj", "{BA8F5121-0DCD-4A5C-929B-BC41D9428E00}"
EndProject
Project("{FAE04EC0-301F-11D3-BF4B-00C04F79EFBC}") = "MyBooks.iOS", "MyBooks.iOS\MyBooks.iOS.csproj", "{5109F6B1-76B3-4628-8899-0E02783007DE}"
EndProject
Project("{9A19103F-16F7-4668-BE54-9A1E7A4F7556}") = "MyBooks", "MyBooks\MyBooks.csproj", "{D556BC9B-AE12-4405-A1B9-5DE70B919830}"
EndProject
Project("{9A19103F-16F7-4668-BE54-9A1E7A4F7556}") = "MyBooks.Interface", "MyBooks.Interface\MyBooks.Interface.csproj", "{99DB626A-AAE9-4053-BA76-4C36E22E643E}"
EndProject
Project("{FAE04EC0-301F-11D3-BF4B-00C04F79EFBC}") = "MyBooks.Repositories", "MyBooks.Repositories\MyBooks.Repositories.csproj", "{C219BE15-B656-4671-ABAC-1235077169A3}"
EndProject
Global
	GlobalSection(SolutionConfigurationPlatforms) = preSolution
		Ad-Hoc|Any CPU = Ad-Hoc|Any CPU
		Ad-Hoc|iPhone = Ad-Hoc|iPhone
		Ad-Hoc|iPhoneSimulator = Ad-Hoc|iPhoneSimulator
		Ad-Hoc|x64 = Ad-Hoc|x64
		AppStore|Any CPU = AppStore|Any CPU
		AppStore|iPhone = AppStore|iPhone
		AppStore|iPhoneSimulator = AppStore|iPhoneSimulator
		AppStore|x64 = AppStore|x64
		Debug|Any CPU = Debug|Any CPU
		Debug|iPhone = Debug|iPhone
		Debug|iPhoneSimulator = Debug|iPhoneSimulator
		Debug|x64 = Debug|x64
		Release|Any CPU = Release|Any CPU
		Release|iPhone = Release|iPhone
		Release|iPhoneSimulator = Release|iPhoneSimulator
		Release|x64 = Release|x64
	EndGlobalSection
	GlobalSection(ProjectConfigurationPlatforms) = postSolution
		{BA8F5121-0DCD-4A5C-929B-BC41D9428E00}.Ad-Hoc|Any CPU.ActiveCfg = Release|Any CPU
		{BA8F5121-0DCD-4A5C-929B-BC41D9428E00}.Ad-Hoc|Any CPU.Build.0 = Release|Any CPU
		{BA8F5121-0DCD-4A5C-929B-BC41D9428E00}.Ad-Hoc|Any CPU.Deploy.0 = Release|Any CPU
		{BA8F5121-0DCD-4A5C-929B-BC41D9428E00}.Ad-Hoc|iPhone.ActiveCfg = Debug|Any CPU
		{BA8F5121-0DCD-4A5C-929B-BC41D9428E00}.Ad-Hoc|iPhone.Build.0 = Debug|Any CPU
		{BA8F5121-0DCD-4A5C-929B-BC41D9428E00}.Ad-Hoc|iPhoneSimulator.ActiveCfg = Release|Any CPU
		{BA8F5121-0DCD-4A5C-929B-BC41D9428E00}.Ad-Hoc|iPhoneSimulator.Build.0 = Release|Any CPU
		{BA8F5121-0DCD-4A5C-929B-BC41D9428E00}.Ad-Hoc|iPhoneSimulator.Deploy.0 = Release|Any CPU
		{BA8F5121-0DCD-4A5C-929B-BC41D9428E00}.Ad-Hoc|x64.ActiveCfg = Release|x64
		{BA8F5121-0DCD-4A5C-929B-BC41D9428E00}.Ad-Hoc|x64.Build.0 = Release|x64
		{BA8F5121-0DCD-4A5C-929B-BC41D9428E00}.Ad-Hoc|x64.Deploy.0 = Release|x64
		{BA8F5121-0DCD-4A5C-929B-BC41D9428E00}.AppStore|Any CPU.ActiveCfg = Release|Any CPU
		{BA8F5121-0DCD-4A5C-929B-BC41D9428E00}.AppStore|Any CPU.Build.0 = Release|Any CPU
		{BA8F5121-0DCD-4A5C-929B-BC41D9428E00}.AppStore|Any CPU.Deploy.0 = Release|Any CPU
		{BA8F5121-0DCD-4A5C-929B-BC41D9428E00}.AppStore|iPhone.ActiveCfg = Debug|Any CPU
		{BA8F5121-0DCD-4A5C-929B-BC41D9428E00}.AppStore|iPhone.Build.0 = Debug|Any CPU
		{BA8F5121-0DCD-4A5C-929B-BC41D9428E00}.AppStore|iPhoneSimulator.ActiveCfg = Release|Any CPU
		{BA8F5121-0DCD-4A5C-929B-BC41D9428E00}.AppStore|iPhoneSimulator.Build.0 = Release|Any CPU
		{BA8F5121-0DCD-4A5C-929B-BC41D9428E00}.AppStore|iPhoneSimulator.Deploy.0 = Release|Any CPU
		{BA8F5121-0DCD-4A5C-929B-BC41D9428E00}.AppStore|x64.ActiveCfg = Release|x64
		{BA8F5121-0DCD-4A5C-929B-BC41D9428E00}.AppStore|x64.Build.0 = Release|x64
		{BA8F5121-0DCD-4A5C-929B-BC41D9428E00}.AppStore|x64.Deploy.0 = Release|x64
		{BA8F5121-0DCD-4A5C-929B-BC41D9428E00}.Debug|Any CPU.ActiveCfg = Debug|Any CPU
		{BA8F5121-0DCD-4A5C-929B-BC41D9428E00}.Debug|Any CPU.Build.0 = Debug|Any CPU
		{BA8F5121-0DCD-4A5C-929B-BC41D9428E00}.Debug|Any CPU.Deploy.0 = Debug|Any CPU
		{BA8F5121-0DCD-4A5C-929B-BC41D9428E00}.Debug|iPhone.ActiveCfg = Debug|Any CPU
		{BA8F5121-0DCD-4A5C-929B-BC41D9428E00}.Debug|iPhone.Build.0 = Debug|Any CPU
		{BA8F5121-0DCD-4A5C-929B-BC41D9428E00}.Debug|iPhoneSimulator.ActiveCfg = Debug|Any CPU
		{BA8F5121-0DCD-4A5C-929B-BC41D9428E00}.Debug|iPhoneSimulator.Build.0 = Debug|Any CPU
		{BA8F5121-0DCD-4A5C-929B-BC41D9428E00}.Debug|x64.ActiveCfg = Debug|Any CPU
		{BA8F5121-0DCD-4A5C-929B-BC41D9428E00}.Debug|x64.Build.0 = Debug|Any CPU
		{BA8F5121-0DCD-4A5C-929B-BC41D9428E00}.Debug|x64.Deploy.0 = Debug|Any CPU
		{BA8F5121-0DCD-4A5C-929B-BC41D9428E00}.Release|Any CPU.ActiveCfg = Release|Any CPU
		{BA8F5121-0DCD-4A5C-929B-BC41D9428E00}.Release|Any CPU.Build.0 = Release|Any CPU
		{BA8F5121-0DCD-4A5C-929B-BC41D9428E00}.Release|iPhone.ActiveCfg = Release|Any CPU
		{BA8F5121-0DCD-4A5C-929B-BC41D9428E00}.Release|iPhone.Build.0 = Release|Any CPU
		{BA8F5121-0DCD-4A5C-929B-BC41D9428E00}.Release|iPhoneSimulator.ActiveCfg = Release|Any CPU
		{BA8F5121-0DCD-4A5C-929B-BC41D9428E00}.Release|iPhoneSimulator.Build.0 = Release|Any CPU
		{BA8F5121-0DCD-4A5C-929B-BC41D9428E00}.Release|x64.ActiveCfg = Release|x64
		{BA8F5121-0DCD-4A5C-929B-BC41D9428E00}.Release|x64.Build.0 = Release|x64
		{BA8F5121-0DCD-4A5C-929B-BC41D9428E00}.Release|x64.Deploy.0 = Release|x64
		{5109F6B1-76B3-4628-8899-0E02783007DE}.Ad-Hoc|Any CPU.ActiveCfg = Ad-Hoc|iPhoneSimulator
		{5109F6B1-76B3-4628-8899-0E02783007DE}.Ad-Hoc|iPhone.ActiveCfg = Ad-Hoc|iPhone
		{5109F6B1-76B3-4628-8899-0E02783007DE}.Ad-Hoc|iPhone.Build.0 = Ad-Hoc|iPhone
		{5109F6B1-76B3-4628-8899-0E02783007DE}.Ad-Hoc|iPhoneSimulator.ActiveCfg = Ad-Hoc|iPhoneSimulator
		{5109F6B1-76B3-4628-8899-0E02783007DE}.Ad-Hoc|iPhoneSimulator.Build.0 = Ad-Hoc|iPhoneSimulator
		{5109F6B1-76B3-4628-8899-0E02783007DE}.Ad-Hoc|x64.ActiveCfg = Ad-Hoc|iPhoneSimulator
		{5109F6B1-76B3-4628-8899-0E02783007DE}.AppStore|Any CPU.ActiveCfg = AppStore|iPhoneSimulator
		{5109F6B1-76B3-4628-8899-0E02783007DE}.AppStore|iPhone.ActiveCfg = AppStore|iPhone
		{5109F6B1-76B3-4628-8899-0E02783007DE}.AppStore|iPhone.Build.0 = AppStore|iPhone
		{5109F6B1-76B3-4628-8899-0E02783007DE}.AppStore|iPhoneSimulator.ActiveCfg = AppStore|iPhoneSimulator
		{5109F6B1-76B3-4628-8899-0E02783007DE}.AppStore|iPhoneSimulator.Build.0 = AppStore|iPhoneSimulator
		{5109F6B1-76B3-4628-8899-0E02783007DE}.AppStore|x64.ActiveCfg = AppStore|iPhoneSimulator
		{5109F6B1-76B3-4628-8899-0E02783007DE}.Debug|Any CPU.ActiveCfg = Debug|iPhoneSimulator
		{5109F6B1-76B3-4628-8899-0E02783007DE}.Debug|Any CPU.Build.0 = Debug|iPhoneSimulator
		{5109F6B1-76B3-4628-8899-0E02783007DE}.Debug|iPhone.ActiveCfg = Debug|iPhone
		{5109F6B1-76B3-4628-8899-0E02783007DE}.Debug|iPhone.Build.0 = Debug|iPhone
		{5109F6B1-76B3-4628-8899-0E02783007DE}.Debug|iPhoneSimulator.ActiveCfg = Debug|iPhoneSimulator
		{5109F6B1-76B3-4628-8899-0E02783007DE}.Debug|iPhoneSimulator.Build.0 = Debug|iPhoneSimulator
		{5109F6B1-76B3-4628-8899-0E02783007DE}.Debug|x64.ActiveCfg = Debug|iPhone
		{5109F6B1-76B3-4628-8899-0E02783007DE}.Release|Any CPU.ActiveCfg = Release|iPhoneSimulator
		{5109F6B1-76B3-4628-8899-0E02783007DE}.Release|Any CPU.Build.0 = Release|iPhoneSimulator
		{5109F6B1-76B3-4628-8899-0E02783007DE}.Release|iPhone.ActiveCfg = Release|iPhone
		{5109F6B1-76B3-4628-8899-0E02783007DE}.Release|iPhone.Build.0 = Release|iPhone
		{5109F6B1-76B3-4628-8899-0E02783007DE}.Release|iPhoneSimulator.ActiveCfg = Release|iPhoneSimulator
		{5109F6B1-76B3-4628-8899-0E02783007DE}.Release|iPhoneSimulator.Build.0 = Release|iPhoneSimulator
		{5109F6B1-76B3-4628-8899-0E02783007DE}.Release|x64.ActiveCfg = Release|iPhone
		{D556BC9B-AE12-4405-A1B9-5DE70B919830}.Ad-Hoc|Any CPU.ActiveCfg = Release|Any CPU
		{D556BC9B-AE12-4405-A1B9-5DE70B919830}.Ad-Hoc|Any CPU.Build.0 = Release|Any CPU
		{D556BC9B-AE12-4405-A1B9-5DE70B919830}.Ad-Hoc|iPhone.ActiveCfg = Debug|Any CPU
		{D556BC9B-AE12-4405-A1B9-5DE70B919830}.Ad-Hoc|iPhone.Build.0 = Debug|Any CPU
		{D556BC9B-AE12-4405-A1B9-5DE70B919830}.Ad-Hoc|iPhoneSimulator.ActiveCfg = Release|Any CPU
		{D556BC9B-AE12-4405-A1B9-5DE70B919830}.Ad-Hoc|iPhoneSimulator.Build.0 = Release|Any CPU
		{D556BC9B-AE12-4405-A1B9-5DE70B919830}.Ad-Hoc|x64.ActiveCfg = Release|Any CPU
		{D556BC9B-AE12-4405-A1B9-5DE70B919830}.Ad-Hoc|x64.Build.0 = Release|Any CPU
		{D556BC9B-AE12-4405-A1B9-5DE70B919830}.AppStore|Any CPU.ActiveCfg = Release|Any CPU
		{D556BC9B-AE12-4405-A1B9-5DE70B919830}.AppStore|Any CPU.Build.0 = Release|Any CPU
		{D556BC9B-AE12-4405-A1B9-5DE70B919830}.AppStore|iPhone.ActiveCfg = Debug|Any CPU
		{D556BC9B-AE12-4405-A1B9-5DE70B919830}.AppStore|iPhone.Build.0 = Debug|Any CPU
		{D556BC9B-AE12-4405-A1B9-5DE70B919830}.AppStore|iPhoneSimulator.ActiveCfg = Release|Any CPU
		{D556BC9B-AE12-4405-A1B9-5DE70B919830}.AppStore|iPhoneSimulator.Build.0 = Release|Any CPU
		{D556BC9B-AE12-4405-A1B9-5DE70B919830}.AppStore|x64.ActiveCfg = Release|Any CPU
		{D556BC9B-AE12-4405-A1B9-5DE70B919830}.AppStore|x64.Build.0 = Release|Any CPU
		{D556BC9B-AE12-4405-A1B9-5DE70B919830}.Debug|Any CPU.ActiveCfg = Debug|Any CPU
		{D556BC9B-AE12-4405-A1B9-5DE70B919830}.Debug|Any CPU.Build.0 = Debug|Any CPU
		{D556BC9B-AE12-4405-A1B9-5DE70B919830}.Debug|iPhone.ActiveCfg = Debug|Any CPU
		{D556BC9B-AE12-4405-A1B9-5DE70B919830}.Debug|iPhone.Build.0 = Debug|Any CPU
		{D556BC9B-AE12-4405-A1B9-5DE70B919830}.Debug|iPhoneSimulator.ActiveCfg = Debug|Any CPU
		{D556BC9B-AE12-4405-A1B9-5DE70B919830}.Debug|iPhoneSimulator.Build.0 = Debug|Any CPU
		{D556BC9B-AE12-4405-A1B9-5DE70B919830}.Debug|x64.ActiveCfg = Debug|Any CPU
		{D556BC9B-AE12-4405-A1B9-5DE70B919830}.Debug|x64.Build.0 = Debug|Any CPU
		{D556BC9B-AE12-4405-A1B9-5DE70B919830}.Release|Any CPU.ActiveCfg = Release|Any CPU
		{D556BC9B-AE12-4405-A1B9-5DE70B919830}.Release|Any CPU.Build.0 = Release|Any CPU
		{D556BC9B-AE12-4405-A1B9-5DE70B919830}.Release|iPhone.ActiveCfg = Release|Any CPU
		{D556BC9B-AE12-4405-A1B9-5DE70B919830}.Release|iPhone.Build.0 = Release|Any CPU
		{D556BC9B-AE12-4405-A1B9-5DE70B919830}.Release|iPhoneSimulator.ActiveCfg = Release|Any CPU
		{D556BC9B-AE12-4405-A1B9-5DE70B919830}.Release|iPhoneSimulator.Build.0 = Release|Any CPU
		{D556BC9B-AE12-4405-A1B9-5DE70B919830}.Release|x64.ActiveCfg = Release|Any CPU
		{D556BC9B-AE12-4405-A1B9-5DE70B919830}.Release|x64.Build.0 = Release|Any CPU
		{99DB626A-AAE9-4053-BA76-4C36E22E643E}.Ad-Hoc|Any CPU.ActiveCfg = Debug|Any CPU
		{99DB626A-AAE9-4053-BA76-4C36E22E643E}.Ad-Hoc|Any CPU.Build.0 = Debug|Any CPU
		{99DB626A-AAE9-4053-BA76-4C36E22E643E}.Ad-Hoc|iPhone.ActiveCfg = Debug|Any CPU
		{99DB626A-AAE9-4053-BA76-4C36E22E643E}.Ad-Hoc|iPhone.Build.0 = Debug|Any CPU
		{99DB626A-AAE9-4053-BA76-4C36E22E643E}.Ad-Hoc|iPhoneSimulator.ActiveCfg = Debug|Any CPU
		{99DB626A-AAE9-4053-BA76-4C36E22E643E}.Ad-Hoc|iPhoneSimulator.Build.0 = Debug|Any CPU
		{99DB626A-AAE9-4053-BA76-4C36E22E643E}.Ad-Hoc|x64.ActiveCfg = Debug|Any CPU
		{99DB626A-AAE9-4053-BA76-4C36E22E643E}.Ad-Hoc|x64.Build.0 = Debug|Any CPU
		{99DB626A-AAE9-4053-BA76-4C36E22E643E}.AppStore|Any CPU.ActiveCfg = Debug|Any CPU
		{99DB626A-AAE9-4053-BA76-4C36E22E643E}.AppStore|Any CPU.Build.0 = Debug|Any CPU
		{99DB626A-AAE9-4053-BA76-4C36E22E643E}.AppStore|iPhone.ActiveCfg = Debug|Any CPU
		{99DB626A-AAE9-4053-BA76-4C36E22E643E}.AppStore|iPhone.Build.0 = Debug|Any CPU
		{99DB626A-AAE9-4053-BA76-4C36E22E643E}.AppStore|iPhoneSimulator.ActiveCfg = Debug|Any CPU
		{99DB626A-AAE9-4053-BA76-4C36E22E643E}.AppStore|iPhoneSimulator.Build.0 = Debug|Any CPU
		{99DB626A-AAE9-4053-BA76-4C36E22E643E}.AppStore|x64.ActiveCfg = Debug|Any CPU
		{99DB626A-AAE9-4053-BA76-4C36E22E643E}.AppStore|x64.Build.0 = Debug|Any CPU
		{99DB626A-AAE9-4053-BA76-4C36E22E643E}.Debug|Any CPU.ActiveCfg = Debug|Any CPU
		{99DB626A-AAE9-4053-BA76-4C36E22E643E}.Debug|Any CPU.Build.0 = Debug|Any CPU
		{99DB626A-AAE9-4053-BA76-4C36E22E643E}.Debug|iPhone.ActiveCfg = Debug|Any CPU
		{99DB626A-AAE9-4053-BA76-4C36E22E643E}.Debug|iPhone.Build.0 = Debug|Any CPU
		{99DB626A-AAE9-4053-BA76-4C36E22E643E}.Debug|iPhoneSimulator.ActiveCfg = Debug|Any CPU
		{99DB626A-AAE9-4053-BA76-4C36E22E643E}.Debug|iPhoneSimulator.Build.0 = Debug|Any CPU
		{99DB626A-AAE9-4053-BA76-4C36E22E643E}.Debug|x64.ActiveCfg = Debug|Any CPU
		{99DB626A-AAE9-4053-BA76-4C36E22E643E}.Debug|x64.Build.0 = Debug|Any CPU
		{99DB626A-AAE9-4053-BA76-4C36E22E643E}.Release|Any CPU.ActiveCfg = Release|Any CPU
		{99DB626A-AAE9-4053-BA76-4C36E22E643E}.Release|Any CPU.Build.0 = Release|Any CPU
		{99DB626A-AAE9-4053-BA76-4C36E22E643E}.Release|iPhone.ActiveCfg = Release|Any CPU
		{99DB626A-AAE9-4053-BA76-4C36E22E643E}.Release|iPhone.Build.0 = Release|Any CPU
		{99DB626A-AAE9-4053-BA76-4C36E22E643E}.Release|iPhoneSimulator.ActiveCfg = Release|Any CPU
		{99DB626A-AAE9-4053-BA76-4C36E22E643E}.Release|iPhoneSimulator.Build.0 = Release|Any CPU
		{99DB626A-AAE9-4053-BA76-4C36E22E643E}.Release|x64.ActiveCfg = Release|Any CPU
		{99DB626A-AAE9-4053-BA76-4C36E22E643E}.Release|x64.Build.0 = Release|Any CPU
		{C219BE15-B656-4671-ABAC-1235077169A3}.Ad-Hoc|Any CPU.ActiveCfg = Debug|Any CPU
		{C219BE15-B656-4671-ABAC-1235077169A3}.Ad-Hoc|Any CPU.Build.0 = Debug|Any CPU
		{C219BE15-B656-4671-ABAC-1235077169A3}.Ad-Hoc|iPhone.ActiveCfg = Debug|Any CPU
		{C219BE15-B656-4671-ABAC-1235077169A3}.Ad-Hoc|iPhone.Build.0 = Debug|Any CPU
		{C219BE15-B656-4671-ABAC-1235077169A3}.Ad-Hoc|iPhoneSimulator.ActiveCfg = Debug|Any CPU
		{C219BE15-B656-4671-ABAC-1235077169A3}.Ad-Hoc|iPhoneSimulator.Build.0 = Debug|Any CPU
		{C219BE15-B656-4671-ABAC-1235077169A3}.Ad-Hoc|x64.ActiveCfg = Debug|Any CPU
		{C219BE15-B656-4671-ABAC-1235077169A3}.Ad-Hoc|x64.Build.0 = Debug|Any CPU
		{C219BE15-B656-4671-ABAC-1235077169A3}.AppStore|Any CPU.ActiveCfg = Debug|Any CPU
		{C219BE15-B656-4671-ABAC-1235077169A3}.AppStore|Any CPU.Build.0 = Debug|Any CPU
		{C219BE15-B656-4671-ABAC-1235077169A3}.AppStore|iPhone.ActiveCfg = Debug|Any CPU
		{C219BE15-B656-4671-ABAC-1235077169A3}.AppStore|iPhone.Build.0 = Debug|Any CPU
		{C219BE15-B656-4671-ABAC-1235077169A3}.AppStore|iPhoneSimulator.ActiveCfg = Debug|Any CPU
		{C219BE15-B656-4671-ABAC-1235077169A3}.AppStore|iPhoneSimulator.Build.0 = Debug|Any CPU
		{C219BE15-B656-4671-ABAC-1235077169A3}.AppStore|x64.ActiveCfg = Debug|Any CPU
		{C219BE15-B656-4671-ABAC-1235077169A3}.AppStore|x64.Build.0 = Debug|Any CPU
		{C219BE15-B656-4671-ABAC-1235077169A3}.Debug|Any CPU.ActiveCfg = Debug|Any CPU
		{C219BE15-B656-4671-ABAC-1235077169A3}.Debug|Any CPU.Build.0 = Debug|Any CPU
		{C219BE15-B656-4671-ABAC-1235077169A3}.Debug|iPhone.ActiveCfg = Debug|Any CPU
		{C219BE15-B656-4671-ABAC-1235077169A3}.Debug|iPhone.Build.0 = Debug|Any CPU
		{C219BE15-B656-4671-ABAC-1235077169A3}.Debug|iPhoneSimulator.ActiveCfg = Debug|Any CPU
		{C219BE15-B656-4671-ABAC-1235077169A3}.Debug|iPhoneSimulator.Build.0 = Debug|Any CPU
		{C219BE15-B656-4671-ABAC-1235077169A3}.Debug|x64.ActiveCfg = Debug|Any CPU
		{C219BE15-B656-4671-ABAC-1235077169A3}.Debug|x64.Build.0 = Debug|Any CPU
		{C219BE15-B656-4671-ABAC-1235077169A3}.Release|Any CPU.ActiveCfg = Release|Any CPU
		{C219BE15-B656-4671-ABAC-1235077169A3}.Release|Any CPU.Build.0 = Release|Any CPU
		{C219BE15-B656-4671-ABAC-1235077169A3}.Release|iPhone.ActiveCfg = Release|Any CPU
		{C219BE15-B656-4671-ABAC-1235077169A3}.Release|iPhone.Build.0 = Release|Any CPU
		{C219BE15-B656-4671-ABAC-1235077169A3}.Release|iPhoneSimulator.ActiveCfg = Release|Any CPU
		{C219BE15-B656-4671-ABAC-1235077169A3}.Release|iPhoneSimulator.Build.0 = Release|Any CPU
		{C219BE15-B656-4671-ABAC-1235077169A3}.Release|x64.ActiveCfg = Release|Any CPU
		{C219BE15-B656-4671-ABAC-1235077169A3}.Release|x64.Build.0 = Release|Any CPU
	EndGlobalSection
	GlobalSection(SolutionProperties) = preSolution
		HideSolutionNode = FALSE
	EndGlobalSection
	GlobalSection(ExtensibilityGlobals) = postSolution
		SolutionGuid = {1EFF1277-528B-4879-BC44-62FE3327CEC3}
	EndGlobalSection
EndGlobal
